
Microsoft Visual Studio Solution File, Format Version 12.00
# Visual Studio Version 18
VisualStudioVersion = 18.1.11312.151
MinimumVisualStudioVersion = 10.0.40219.1
Project("{FAE04EC0-301F-11D3-BF4B-00C04F79EFBC}") = "Infra", "Infra\Infra.csproj", "{E243ACED-B8F9-4E2E-B706-672FA4FB2BAC}"
EndProject
Project("{FAE04EC0-301F-11D3-BF4B-00C04F79EFBC}") = "PurchaseWeb.Shared", "Shared\PurchaseWeb.Shared.csproj", "{B1C2D3E4-F5A6-7890-BCDE-F01234567890}"
EndProject
Project("{2150E333-8FDC-42A3-9474-1A3956D46DE8}") = "Api", "Api", "{D82C56D6-B2CD-F611-9E31-04638F7EC30E}"
EndProject
Project("{FAE04EC0-301F-11D3-BF4B-00C04F79EFBC}") = "PurchaseWeb.Api", "Api\PurchaseWeb.Api.csproj", "{A0E01E6E-3B61-41A1-8289-A1DEC9E86D2A}"
EndProject
Project("{2150E333-8FDC-42A3-9474-1A3956D46DE8}") = "Wasm", "Wasm", "{94F50F22-43A5-BB3D-D77A-8193B22ED51F}"
EndProject
Project("{FAE04EC0-301F-11D3-BF4B-00C04F79EFBC}") = "PurchaseWeb.Wasm", "Wasm\PurchaseWeb.Wasm.csproj", "{F559D9F8-8499-4920-BE7F-F3C52E1EBF88}"
EndProject
Project("{2150E333-8FDC-42A3-9474-1A3956D46DE8}") = "Shared", "Shared", "{4F52FD11-658E-A102-6CD3-7D7C16FFA15B}"
EndProject
Global
	GlobalSection(SolutionConfigurationPlatforms) = preSolution
		Debug|Any CPU = Debug|Any CPU
		Debug|x64 = Debug|x64
		Debug|x86 = Debug|x86
		Release|Any CPU = Release|Any CPU
		Release|x64 = Release|x64
		Release|x86 = Release|x86
	EndGlobalSection
	GlobalSection(ProjectConfigurationPlatforms) = postSolution
		{E243ACED-B8F9-4E2E-B706-672FA4FB2BAC}.Debug|Any CPU.ActiveCfg = Debug|Any CPU
		{E243ACED-B8F9-4E2E-B706-672FA4FB2BAC}.Debug|Any CPU.Build.0 = Debug|Any CPU
		{E243ACED-B8F9-4E2E-B706-672FA4FB2BAC}.Debug|x64.ActiveCfg = Debug|Any CPU
		{E243ACED-B8F9-4E2E-B706-672FA4FB2BAC}.Debug|x64.Build.0 = Debug|Any CPU
		{E243ACED-B8F9-4E2E-B706-672FA4FB2BAC}.Debug|x86.ActiveCfg = Debug|Any CPU
		{E243ACED-B8F9-4E2E-B706-672FA4FB2BAC}.Debug|x86.Build.0 = Debug|Any CPU
		{E243ACED-B8F9-4E2E-B706-672FA4FB2BAC}.Release|Any CPU.ActiveCfg = Release|Any CPU
		{E243ACED-B8F9-4E2E-B706-672FA4FB2BAC}.Release|Any CPU.Build.0 = Release|Any CPU
		{E243ACED-B8F9-4E2E-B706-672FA4FB2BAC}.Release|x64.ActiveCfg = Release|Any CPU
		{E243ACED-B8F9-4E2E-B706-672FA4FB2BAC}.Release|x64.Build.0 = Release|Any CPU
		{E243ACED-B8F9-4E2E-B706-672FA4FB2BAC}.Release|x86.ActiveCfg = Release|Any CPU
		{E243ACED-B8F9-4E2E-B706-672FA4FB2BAC}.Release|x86.Build.0 = Release|Any CPU
		{B1C2D3E4-F5A6-7890-BCDE-F01234567890}.Debug|Any CPU.ActiveCfg = Debug|Any CPU
		{B1C2D3E4-F5A6-7890-BCDE-F01234567890}.Debug|Any CPU.Build.0 = Debug|Any CPU
		{B1C2D3E4-F5A6-7890-BCDE-F01234567890}.Debug|x64.ActiveCfg = Debug|Any CPU
		{B1C2D3E4-F5A6-7890-BCDE-F01234567890}.Debug|x64.Build.0 = Debug|Any CPU
		{B1C2D3E4-F5A6-7890-BCDE-F01234567890}.Debug|x86.ActiveCfg = Debug|Any CPU
		{B1C2D3E4-F5A6-7890-BCDE-F01234567890}.Debug|x86.Build.0 = Debug|Any CPU
		{B1C2D3E4-F5A6-7890-BCDE-F01234567890}.Release|Any CPU.ActiveCfg = Release|Any CPU
		{B1C2D3E4-F5A6-7890-BCDE-F01234567890}.Release|Any CPU.Build.0 = Release|Any CPU
		{B1C2D3E4-F5A6-7890-BCDE-F01234567890}.Release|x64.ActiveCfg = Release|Any CPU
		{B1C2D3E4-F5A6-7890-BCDE-F01234567890}.Release|x64.Build.0 = Release|Any CPU
		{B1C2D3E4-F5A6-7890-BCDE-F01234567890}.Release|x86.ActiveCfg = Release|Any CPU
		{B1C2D3E4-F5A6-7890-BCDE-F01234567890}.Release|x86.Build.0 = Release|Any CPU
		{A0E01E6E-3B61-41A1-8289-A1DEC9E86D2A}.Debug|Any CPU.ActiveCfg = Debug|Any CPU
		{A0E01E6E-3B61-41A1-8289-A1DEC9E86D2A}.Debug|Any CPU.Build.0 = Debug|Any CPU
		{A0E01E6E-3B61-41A1-8289-A1DEC9E86D2A}.Debug|x64.ActiveCfg = Debug|Any CPU
		{A0E01E6E-3B61-41A1-8289-A1DEC9E86D2A}.Debug|x64.Build.0 = Debug|Any CPU
		{A0E01E6E-3B61-41A1-8289-A1DEC9E86D2A}.Debug|x86.ActiveCfg = Debug|Any CPU
		{A0E01E6E-3B61-41A1-8289-A1DEC9E86D2A}.Debug|x86.Build.0 = Debug|Any CPU
		{A0E01E6E-3B61-41A1-8289-A1DEC9E86D2A}.Release|Any CPU.ActiveCfg = Release|Any CPU
		{A0E01E6E-3B61-41A1-8289-A1DEC9E86D2A}.Release|Any CPU.Build.0 = Release|Any CPU
		{A0E01E6E-3B61-41A1-8289-A1DEC9E86D2A}.Release|x64.ActiveCfg = Release|Any CPU
		{A0E01E6E-3B61-41A1-8289-A1DEC9E86D2A}.Release|x64.Build.0 = Release|Any CPU
		{A0E01E6E-3B61-41A1-8289-A1DEC9E86D2A}.Release|x86.ActiveCfg = Release|Any CPU
		{A0E01E6E-3B61-41A1-8289-A1DEC9E86D2A}.Release|x86.Build.0 = Release|Any CPU
		{F559D9F8-8499-4920-BE7F-F3C52E1EBF88}.Debug|Any CPU.ActiveCfg = Debug|Any CPU
		{F559D9F8-8499-4920-BE7F-F3C52E1EBF88}.Debug|Any CPU.Build.0 = Debug|Any CPU
		{F559D9F8-8499-4920-BE7F-F3C52E1EBF88}.Debug|x64.ActiveCfg = Debug|Any CPU
		{F559D9F8-8499-4920-BE7F-F3C52E1EBF88}.Debug|x64.Build.0 = Debug|Any CPU
		{F559D9F8-8499-4920-BE7F-F3C52E1EBF88}.Debug|x86.ActiveCfg = Debug|Any CPU
		{F559D9F8-8499-4920-BE7F-F3C52E1EBF88}.Debug|x86.Build.0 = Debug|Any CPU
		{F559D9F8-8499-4920-BE7F-F3C52E1EBF88}.Release|Any CPU.ActiveCfg = Release|Any CPU
		{F559D9F8-8499-4920-BE7F-F3C52E1EBF88}.Release|Any CPU.Build.0 = Release|Any CPU
		{F559D9F8-8499-4920-BE7F-F3C52E1EBF88}.Release|x64.ActiveCfg = Release|Any CPU
		{F559D9F8-8499-4920-BE7F-F3C52E1EBF88}.Release|x64.Build.0 = Release|Any CPU
		{F559D9F8-8499-4920-BE7F-F3C52E1EBF88}.Release|x86.ActiveCfg = Release|Any CPU
		{F559D9F8-8499-4920-BE7F-F3C52E1EBF88}.Release|x86.Build.0 = Release|Any CPU
	EndGlobalSection
	GlobalSection(SolutionProperties) = preSolution
		HideSolutionNode = FALSE
	EndGlobalSection
	GlobalSection(NestedProjects) = preSolution
		{A0E01E6E-3B61-41A1-8289-A1DEC9E86D2A} = {D82C56D6-B2CD-F611-9E31-04638F7EC30E}
		{F559D9F8-8499-4920-BE7F-F3C52E1EBF88} = {94F50F22-43A5-BB3D-D77A-8193B22ED51F}
	EndGlobalSection
	GlobalSection(ExtensibilityGlobals) = postSolution
		SolutionGuid = {424F5F04-E392-48F5-8B6A-DCA548A6A5F1}
	EndGlobalSection
EndGlobal
